
Microsoft Visual Studio Solution File, Format Version 12.00
# Visual Studio 15
VisualStudioVersion = 15.0.27004.2005
MinimumVisualStudioVersion = 10.0.40219.1
Project("{FAE04EC0-301F-11D3-BF4B-00C04F79EFBC}") = "ImprovedCustomerService.Api", "ImprovedCustomerService.Api\ImprovedCustomerService.Api.csproj", "{14E01858-48E5-494E-BB14-444AD1087F22}"
EndProject
Project("{FAE04EC0-301F-11D3-BF4B-00C04F79EFBC}") = "ImprovedCustomerService.Data", "ImprovedCustomerService.Data\ImprovedCustomerService.Data.csproj", "{F809CE4F-FA07-4855-A552-31A9C390619A}"
EndProject
Project("{FAE04EC0-301F-11D3-BF4B-00C04F79EFBC}") = "ImprovedCustomerService.Services", "ImprovedCustomerService.Services\ImprovedCustomerService.Services.csproj", "{5540D9A2-BC06-4F74-8DFF-FEFB611FAB18}"
EndProject
Project("{FAE04EC0-301F-11D3-BF4B-00C04F79EFBC}") = "ImprovedCustomerService.Core", "ImprovedCustomerService.Core\ImprovedCustomerService.Core.csproj", "{488A85DA-281E-41D0-A82C-80EC33A4B18F}"
EndProject
Global
	GlobalSection(SolutionConfigurationPlatforms) = preSolution
		Debug|Any CPU = Debug|Any CPU
		Release|Any CPU = Release|Any CPU
	EndGlobalSection
	GlobalSection(ProjectConfigurationPlatforms) = postSolution
		{14E01858-48E5-494E-BB14-444AD1087F22}.Debug|Any CPU.ActiveCfg = Debug|Any CPU
		{14E01858-48E5-494E-BB14-444AD1087F22}.Debug|Any CPU.Build.0 = Debug|Any CPU
		{14E01858-48E5-494E-BB14-444AD1087F22}.Release|Any CPU.ActiveCfg = Release|Any CPU
		{14E01858-48E5-494E-BB14-444AD1087F22}.Release|Any CPU.Build.0 = Release|Any CPU
		{F809CE4F-FA07-4855-A552-31A9C390619A}.Debug|Any CPU.ActiveCfg = Debug|Any CPU
		{F809CE4F-FA07-4855-A552-31A9C390619A}.Debug|Any CPU.Build.0 = Debug|Any CPU
		{F809CE4F-FA07-4855-A552-31A9C390619A}.Release|Any CPU.ActiveCfg = Release|Any CPU
		{F809CE4F-FA07-4855-A552-31A9C390619A}.Release|Any CPU.Build.0 = Release|Any CPU
		{5540D9A2-BC06-4F74-8DFF-FEFB611FAB18}.Debug|Any CPU.ActiveCfg = Debug|Any CPU
		{5540D9A2-BC06-4F74-8DFF-FEFB611FAB18}.Debug|Any CPU.Build.0 = Debug|Any CPU
		{5540D9A2-BC06-4F74-8DFF-FEFB611FAB18}.Release|Any CPU.ActiveCfg = Release|Any CPU
		{5540D9A2-BC06-4F74-8DFF-FEFB611FAB18}.Release|Any CPU.Build.0 = Release|Any CPU
		{488A85DA-281E-41D0-A82C-80EC33A4B18F}.Debug|Any CPU.ActiveCfg = Debug|Any CPU
		{488A85DA-281E-41D0-A82C-80EC33A4B18F}.Debug|Any CPU.Build.0 = Debug|Any CPU
		{488A85DA-281E-41D0-A82C-80EC33A4B18F}.Release|Any CPU.ActiveCfg = Release|Any CPU
		{488A85DA-281E-41D0-A82C-80EC33A4B18F}.Release|Any CPU.Build.0 = Release|Any CPU
	EndGlobalSection
	GlobalSection(SolutionProperties) = preSolution
		HideSolutionNode = FALSE
	EndGlobalSection
	GlobalSection(ExtensibilityGlobals) = postSolution
		SolutionGuid = {BCBBA8FF-A061-4119-9C92-4AF13FBAB4E0}
	EndGlobalSection
EndGlobal
